
Microsoft Visual Studio Solution File, Format Version 12.00
# Visual Studio 15
VisualStudioVersion = 15.0.25807.0
MinimumVisualStudioVersion = 10.0.40219.1
Project("{2150E333-8FDC-42A3-9474-1A3956D46DE8}") = "Engine", "Engine", "{999D9129-E058-4C74-8011-BE2DF76AAE03}"
EndProject
Project("{2150E333-8FDC-42A3-9474-1A3956D46DE8}") = "Games", "Games", "{26402DC4-12C9-48C1-93DE-B32F70631E19}"
EndProject
Project("{8BC9CEB8-8B4A-11D0-8D11-00A0C91BC942}") = "RockPaperScissors", "Intermediate\ProjectFiles\RockPaperScissors.vcxproj", "{55A07CDD-B09E-42D7-92CB-38E6CA5AD26B}"
EndProject
Project("{8BC9CEB8-8B4A-11D0-8D11-00A0C91BC942}") = "UE4", "Intermediate\ProjectFiles\UE4.vcxproj", "{1A316018-2B79-44E8-89D0-ADE034B53BFF}"
EndProject
Project("{2150E333-8FDC-42A3-9474-1A3956D46DE8}") = "Visualizers", "Visualizers", "{775022DC-E09F-41A1-95AA-DA1A778C6929}"
	ProjectSection(SolutionItems) = preProject
		..\..\..\..\..\Program Files\UE_4.22\Engine\Extras\VisualStudioDebugging\UE4.natvis = ..\..\..\..\..\Program Files\UE_4.22\Engine\Extras\VisualStudioDebugging\UE4.natvis
	EndProjectSection
EndProject
Global
	GlobalSection(SolutionConfigurationPlatforms) = preSolution
		DebugGame Editor|HTML5 = DebugGame Editor|HTML5
		DebugGame Editor|Win32 = DebugGame Editor|Win32
		DebugGame Editor|Win64 = DebugGame Editor|Win64
		DebugGame|HTML5 = DebugGame|HTML5
		DebugGame|Win32 = DebugGame|Win32
		DebugGame|Win64 = DebugGame|Win64
		Development Editor|HTML5 = Development Editor|HTML5
		Development Editor|Win32 = Development Editor|Win32
		Development Editor|Win64 = Development Editor|Win64
		Development|HTML5 = Development|HTML5
		Development|Win32 = Development|Win32
		Development|Win64 = Development|Win64
		Shipping|HTML5 = Shipping|HTML5
		Shipping|Win32 = Shipping|Win32
		Shipping|Win64 = Shipping|Win64
	EndGlobalSection
	GlobalSection(ProjectConfigurationPlatforms) = postSolution
		{55A07CDD-B09E-42D7-92CB-38E6CA5AD26B}.DebugGame Editor|HTML5.ActiveCfg = Invalid|Win32
		{55A07CDD-B09E-42D7-92CB-38E6CA5AD26B}.DebugGame Editor|Win32.ActiveCfg = Invalid|Win32
		{55A07CDD-B09E-42D7-92CB-38E6CA5AD26B}.DebugGame Editor|Win64.ActiveCfg = DebugGame_Editor|x64
		{55A07CDD-B09E-42D7-92CB-38E6CA5AD26B}.DebugGame Editor|Win64.Build.0 = DebugGame_Editor|x64
		{55A07CDD-B09E-42D7-92CB-38E6CA5AD26B}.DebugGame|HTML5.ActiveCfg = HTML5_DebugGame|Win32
		{55A07CDD-B09E-42D7-92CB-38E6CA5AD26B}.DebugGame|HTML5.Build.0 = HTML5_DebugGame|Win32
		{55A07CDD-B09E-42D7-92CB-38E6CA5AD26B}.DebugGame|Win32.ActiveCfg = DebugGame|Win32
		{55A07CDD-B09E-42D7-92CB-38E6CA5AD26B}.DebugGame|Win32.Build.0 = DebugGame|Win32
		{55A07CDD-B09E-42D7-92CB-38E6CA5AD26B}.DebugGame|Win64.ActiveCfg = DebugGame|x64
		{55A07CDD-B09E-42D7-92CB-38E6CA5AD26B}.DebugGame|Win64.Build.0 = DebugGame|x64
		{55A07CDD-B09E-42D7-92CB-38E6CA5AD26B}.Development Editor|HTML5.ActiveCfg = Invalid|Win32
		{55A07CDD-B09E-42D7-92CB-38E6CA5AD26B}.Development Editor|Win32.ActiveCfg = Invalid|Win32
		{55A07CDD-B09E-42D7-92CB-38E6CA5AD26B}.Development Editor|Win64.ActiveCfg = Development_Editor|x64
		{55A07CDD-B09E-42D7-92CB-38E6CA5AD26B}.Development Editor|Win64.Build.0 = Development_Editor|x64
		{55A07CDD-B09E-42D7-92CB-38E6CA5AD26B}.Development|HTML5.ActiveCfg = HTML5_Development|Win32
		{55A07CDD-B09E-42D7-92CB-38E6CA5AD26B}.Development|HTML5.Build.0 = HTML5_Development|Win32
		{55A07CDD-B09E-42D7-92CB-38E6CA5AD26B}.Development|Win32.ActiveCfg = Development|Win32
		{55A07CDD-B09E-42D7-92CB-38E6CA5AD26B}.Development|Win32.Build.0 = Development|Win32
		{55A07CDD-B09E-42D7-92CB-38E6CA5AD26B}.Development|Win64.ActiveCfg = Development|x64
		{55A07CDD-B09E-42D7-92CB-38E6CA5AD26B}.Development|Win64.Build.0 = Development|x64
		{55A07CDD-B09E-42D7-92CB-38E6CA5AD26B}.Shipping|HTML5.ActiveCfg = HTML5_Shipping|Win32
		{55A07CDD-B09E-42D7-92CB-38E6CA5AD26B}.Shipping|HTML5.Build.0 = HTML5_Shipping|Win32
		{55A07CDD-B09E-42D7-92CB-38E6CA5AD26B}.Shipping|Win32.ActiveCfg = Shipping|Win32
		{55A07CDD-B09E-42D7-92CB-38E6CA5AD26B}.Shipping|Win32.Build.0 = Shipping|Win32
		{55A07CDD-B09E-42D7-92CB-38E6CA5AD26B}.Shipping|Win64.ActiveCfg = Shipping|x64
		{55A07CDD-B09E-42D7-92CB-38E6CA5AD26B}.Shipping|Win64.Build.0 = Shipping|x64
		{1A316018-2B79-44E8-89D0-ADE034B53BFF}.DebugGame Editor|HTML5.ActiveCfg = BuiltWithUnrealBuildTool|Win32
		{1A316018-2B79-44E8-89D0-ADE034B53BFF}.DebugGame Editor|Win32.ActiveCfg = BuiltWithUnrealBuildTool|Win32
		{1A316018-2B79-44E8-89D0-ADE034B53BFF}.DebugGame Editor|Win64.ActiveCfg = BuiltWithUnrealBuildTool|Win32
		{1A316018-2B79-44E8-89D0-ADE034B53BFF}.DebugGame|HTML5.ActiveCfg = BuiltWithUnrealBuildTool|Win32
		{1A316018-2B79-44E8-89D0-ADE034B53BFF}.DebugGame|Win32.ActiveCfg = BuiltWithUnrealBuildTool|Win32
		{1A316018-2B79-44E8-89D0-ADE034B53BFF}.DebugGame|Win64.ActiveCfg = BuiltWithUnrealBuildTool|Win32
		{1A316018-2B79-44E8-89D0-ADE034B53BFF}.Development Editor|HTML5.ActiveCfg = BuiltWithUnrealBuildTool|Win32
		{1A316018-2B79-44E8-89D0-ADE034B53BFF}.Development Editor|Win32.ActiveCfg = BuiltWithUnrealBuildTool|Win32
		{1A316018-2B79-44E8-89D0-ADE034B53BFF}.Development Editor|Win64.ActiveCfg = BuiltWithUnrealBuildTool|Win32
		{1A316018-2B79-44E8-89D0-ADE034B53BFF}.Development|HTML5.ActiveCfg = BuiltWithUnrealBuildTool|Win32
		{1A316018-2B79-44E8-89D0-ADE034B53BFF}.Development|Win32.ActiveCfg = BuiltWithUnrealBuildTool|Win32
		{1A316018-2B79-44E8-89D0-ADE034B53BFF}.Development|Win64.ActiveCfg = BuiltWithUnrealBuildTool|Win32
		{1A316018-2B79-44E8-89D0-ADE034B53BFF}.Shipping|HTML5.ActiveCfg = BuiltWithUnrealBuildTool|Win32
		{1A316018-2B79-44E8-89D0-ADE034B53BFF}.Shipping|Win32.ActiveCfg = BuiltWithUnrealBuildTool|Win32
		{1A316018-2B79-44E8-89D0-ADE034B53BFF}.Shipping|Win64.ActiveCfg = BuiltWithUnrealBuildTool|Win32
	EndGlobalSection
	GlobalSection(SolutionProperties) = preSolution
		HideSolutionNode = FALSE
	EndGlobalSection
	GlobalSection(NestedProjects) = preSolution
		{1A316018-2B79-44E8-89D0-ADE034B53BFF} = {999D9129-E058-4C74-8011-BE2DF76AAE03}
		{55A07CDD-B09E-42D7-92CB-38E6CA5AD26B} = {26402DC4-12C9-48C1-93DE-B32F70631E19}
	EndGlobalSection
EndGlobal
