
Microsoft Visual Studio Solution File, Format Version 12.00
# Visual Studio 15
VisualStudioVersion = 15.0.25807.0
MinimumVisualStudioVersion = 10.0.40219.1
Project("{2150E333-8FDC-42A3-9474-1A3956D46DE8}") = "Engine", "Engine", "{A438F0FE-7733-4C0C-BBB7-40C751289BF3}"
EndProject
Project("{2150E333-8FDC-42A3-9474-1A3956D46DE8}") = "Games", "Games", "{01D33B72-1C58-4FB4-B852-FF6BA31FD37A}"
EndProject
Project("{8BC9CEB8-8B4A-11D0-8D11-00A0C91BC942}") = "RockPaperScissors", "Intermediate\ProjectFiles\RockPaperScissors.vcxproj", "{4DBB2076-64AC-4962-94B4-80E0EB62A9D9}"
EndProject
Project("{8BC9CEB8-8B4A-11D0-8D11-00A0C91BC942}") = "UE4", "Intermediate\ProjectFiles\UE4.vcxproj", "{F2E06173-1B65-4CEB-B5F6-81877D5EE297}"
EndProject
Project("{2150E333-8FDC-42A3-9474-1A3956D46DE8}") = "Visualizers", "Visualizers", "{96FE57FA-9F03-49F0-88B8-D93CA554B0D6}"
	ProjectSection(SolutionItems) = preProject
		..\..\..\..\..\Program Files\UE_4.22\Engine\Extras\VisualStudioDebugging\UE4.natvis = ..\..\..\..\..\Program Files\UE_4.22\Engine\Extras\VisualStudioDebugging\UE4.natvis
	EndProjectSection
EndProject
Global
	GlobalSection(SolutionConfigurationPlatforms) = preSolution
		DebugGame Editor|HTML5 = DebugGame Editor|HTML5
		DebugGame Editor|Win32 = DebugGame Editor|Win32
		DebugGame Editor|Win64 = DebugGame Editor|Win64
		DebugGame|HTML5 = DebugGame|HTML5
		DebugGame|Win32 = DebugGame|Win32
		DebugGame|Win64 = DebugGame|Win64
		Development Editor|HTML5 = Development Editor|HTML5
		Development Editor|Win32 = Development Editor|Win32
		Development Editor|Win64 = Development Editor|Win64
		Development|HTML5 = Development|HTML5
		Development|Win32 = Development|Win32
		Development|Win64 = Development|Win64
		Shipping|HTML5 = Shipping|HTML5
		Shipping|Win32 = Shipping|Win32
		Shipping|Win64 = Shipping|Win64
	EndGlobalSection
	GlobalSection(ProjectConfigurationPlatforms) = postSolution
		{4DBB2076-64AC-4962-94B4-80E0EB62A9D9}.DebugGame Editor|HTML5.ActiveCfg = Invalid|Win32
		{4DBB2076-64AC-4962-94B4-80E0EB62A9D9}.DebugGame Editor|Win32.ActiveCfg = Invalid|Win32
		{4DBB2076-64AC-4962-94B4-80E0EB62A9D9}.DebugGame Editor|Win64.ActiveCfg = DebugGame_Editor|x64
		{4DBB2076-64AC-4962-94B4-80E0EB62A9D9}.DebugGame Editor|Win64.Build.0 = DebugGame_Editor|x64
		{4DBB2076-64AC-4962-94B4-80E0EB62A9D9}.DebugGame|HTML5.ActiveCfg = HTML5_DebugGame|Win32
		{4DBB2076-64AC-4962-94B4-80E0EB62A9D9}.DebugGame|HTML5.Build.0 = HTML5_DebugGame|Win32
		{4DBB2076-64AC-4962-94B4-80E0EB62A9D9}.DebugGame|Win32.ActiveCfg = DebugGame|Win32
		{4DBB2076-64AC-4962-94B4-80E0EB62A9D9}.DebugGame|Win32.Build.0 = DebugGame|Win32
		{4DBB2076-64AC-4962-94B4-80E0EB62A9D9}.DebugGame|Win64.ActiveCfg = DebugGame|x64
		{4DBB2076-64AC-4962-94B4-80E0EB62A9D9}.DebugGame|Win64.Build.0 = DebugGame|x64
		{4DBB2076-64AC-4962-94B4-80E0EB62A9D9}.Development Editor|HTML5.ActiveCfg = Invalid|Win32
		{4DBB2076-64AC-4962-94B4-80E0EB62A9D9}.Development Editor|Win32.ActiveCfg = Invalid|Win32
		{4DBB2076-64AC-4962-94B4-80E0EB62A9D9}.Development Editor|Win64.ActiveCfg = Development_Editor|x64
		{4DBB2076-64AC-4962-94B4-80E0EB62A9D9}.Development Editor|Win64.Build.0 = Development_Editor|x64
		{4DBB2076-64AC-4962-94B4-80E0EB62A9D9}.Development|HTML5.ActiveCfg = HTML5_Development|Win32
		{4DBB2076-64AC-4962-94B4-80E0EB62A9D9}.Development|HTML5.Build.0 = HTML5_Development|Win32
		{4DBB2076-64AC-4962-94B4-80E0EB62A9D9}.Development|Win32.ActiveCfg = Development|Win32
		{4DBB2076-64AC-4962-94B4-80E0EB62A9D9}.Development|Win32.Build.0 = Development|Win32
		{4DBB2076-64AC-4962-94B4-80E0EB62A9D9}.Development|Win64.ActiveCfg = Development|x64
		{4DBB2076-64AC-4962-94B4-80E0EB62A9D9}.Development|Win64.Build.0 = Development|x64
		{4DBB2076-64AC-4962-94B4-80E0EB62A9D9}.Shipping|HTML5.ActiveCfg = HTML5_Shipping|Win32
		{4DBB2076-64AC-4962-94B4-80E0EB62A9D9}.Shipping|HTML5.Build.0 = HTML5_Shipping|Win32
		{4DBB2076-64AC-4962-94B4-80E0EB62A9D9}.Shipping|Win32.ActiveCfg = Shipping|Win32
		{4DBB2076-64AC-4962-94B4-80E0EB62A9D9}.Shipping|Win32.Build.0 = Shipping|Win32
		{4DBB2076-64AC-4962-94B4-80E0EB62A9D9}.Shipping|Win64.ActiveCfg = Shipping|x64
		{4DBB2076-64AC-4962-94B4-80E0EB62A9D9}.Shipping|Win64.Build.0 = Shipping|x64
		{F2E06173-1B65-4CEB-B5F6-81877D5EE297}.DebugGame Editor|HTML5.ActiveCfg = BuiltWithUnrealBuildTool|Win32
		{F2E06173-1B65-4CEB-B5F6-81877D5EE297}.DebugGame Editor|Win32.ActiveCfg = BuiltWithUnrealBuildTool|Win32
		{F2E06173-1B65-4CEB-B5F6-81877D5EE297}.DebugGame Editor|Win64.ActiveCfg = BuiltWithUnrealBuildTool|Win32
		{F2E06173-1B65-4CEB-B5F6-81877D5EE297}.DebugGame|HTML5.ActiveCfg = BuiltWithUnrealBuildTool|Win32
		{F2E06173-1B65-4CEB-B5F6-81877D5EE297}.DebugGame|Win32.ActiveCfg = BuiltWithUnrealBuildTool|Win32
		{F2E06173-1B65-4CEB-B5F6-81877D5EE297}.DebugGame|Win64.ActiveCfg = BuiltWithUnrealBuildTool|Win32
		{F2E06173-1B65-4CEB-B5F6-81877D5EE297}.Development Editor|HTML5.ActiveCfg = BuiltWithUnrealBuildTool|Win32
		{F2E06173-1B65-4CEB-B5F6-81877D5EE297}.Development Editor|Win32.ActiveCfg = BuiltWithUnrealBuildTool|Win32
		{F2E06173-1B65-4CEB-B5F6-81877D5EE297}.Development Editor|Win64.ActiveCfg = BuiltWithUnrealBuildTool|Win32
		{F2E06173-1B65-4CEB-B5F6-81877D5EE297}.Development|HTML5.ActiveCfg = BuiltWithUnrealBuildTool|Win32
		{F2E06173-1B65-4CEB-B5F6-81877D5EE297}.Development|Win32.ActiveCfg = BuiltWithUnrealBuildTool|Win32
		{F2E06173-1B65-4CEB-B5F6-81877D5EE297}.Development|Win64.ActiveCfg = BuiltWithUnrealBuildTool|Win32
		{F2E06173-1B65-4CEB-B5F6-81877D5EE297}.Shipping|HTML5.ActiveCfg = BuiltWithUnrealBuildTool|Win32
		{F2E06173-1B65-4CEB-B5F6-81877D5EE297}.Shipping|Win32.ActiveCfg = BuiltWithUnrealBuildTool|Win32
		{F2E06173-1B65-4CEB-B5F6-81877D5EE297}.Shipping|Win64.ActiveCfg = BuiltWithUnrealBuildTool|Win32
	EndGlobalSection
	GlobalSection(SolutionProperties) = preSolution
		HideSolutionNode = FALSE
	EndGlobalSection
	GlobalSection(NestedProjects) = preSolution
		{F2E06173-1B65-4CEB-B5F6-81877D5EE297} = {A438F0FE-7733-4C0C-BBB7-40C751289BF3}
		{4DBB2076-64AC-4962-94B4-80E0EB62A9D9} = {01D33B72-1C58-4FB4-B852-FF6BA31FD37A}
	EndGlobalSection
EndGlobal
